<Solution>
  <Project Path="EveEvent.Domain/EvoEvent.Domain.csproj" Id="dff19220-949a-477c-b5e1-032c740d14d2" />
  <Project Path="EvoEvent.Application/EvoEvent.Application.csproj" Id="e9860304-9df2-48ca-83e5-d8849f5f809a" />
  <Project Path="EvoEvent.Infrastructure/EvoEvent.Infrastructure.csproj" Id="715f61d4-a761-4d40-91e2-cd82f064cc55" />
  <Project Path="EvoEvent.IntegrationTests/EvoEvent.IntegrationTests.csproj" Id="05833e91-dbcc-4bbd-a4c3-e1f5dec41bf4" />
  <Project Path="EvoEvent.Web.Tests/EvoEvent.Web.Tests.csproj" Id="fcb14367-6d67-44a7-af54-ecee7658c4aa" />
  <Project Path="EvoEvent.Presentation/EvoEvent.Presentation.csproj" />
</Solution>
